
Microsoft Visual Studio Solution File, Format Version 12.00
# Visual Studio 15
VisualStudioVersion = 15.0.28307.136
MinimumVisualStudioVersion = 10.0.40219.1
Project("{FAE04EC0-301F-11D3-BF4B-00C04F79EFBC}") = "FastFoodBackend", "FastFoodBackend\FastFoodBackend.csproj", "{DB9DE07E-AA14-4F23-9F65-9E3D1269115C}"
EndProject
Global
	GlobalSection(SolutionConfigurationPlatforms) = preSolution
		Debug|Any CPU = Debug|Any CPU
		Release|Any CPU = Release|Any CPU
	EndGlobalSection
	GlobalSection(ProjectConfigurationPlatforms) = postSolution
		{DB9DE07E-AA14-4F23-9F65-9E3D1269115C}.Debug|Any CPU.ActiveCfg = Debug|Any CPU
		{DB9DE07E-AA14-4F23-9F65-9E3D1269115C}.Debug|Any CPU.Build.0 = Debug|Any CPU
		{DB9DE07E-AA14-4F23-9F65-9E3D1269115C}.Release|Any CPU.ActiveCfg = Release|Any CPU
		{DB9DE07E-AA14-4F23-9F65-9E3D1269115C}.Release|Any CPU.Build.0 = Release|Any CPU
	EndGlobalSection
	GlobalSection(SolutionProperties) = preSolution
		HideSolutionNode = FALSE
	EndGlobalSection
	GlobalSection(ExtensibilityGlobals) = postSolution
		SolutionGuid = {B96FBA41-B9BD-49C8-92DD-E2B864768FD4}
	EndGlobalSection
EndGlobal
